
Microsoft Visual Studio Solution File, Format Version 12.00
# Visual Studio Version 17
VisualStudioVersion = 17.1.32328.378
MinimumVisualStudioVersion = 10.0.40219.1
Project("{FAE04EC0-301F-11D3-BF4B-00C04F79EFBC}") = "TrabalhoKatia - 2ºSemestre", "TrabalhoKatia - 2ºSemestre\TrabalhoKatia - 2ºSemestre.csproj", "{128A6326-5904-48DC-ABAF-A113255AD3F5}"
EndProject
Global
	GlobalSection(SolutionConfigurationPlatforms) = preSolution
		Debug|Any CPU = Debug|Any CPU
		Release|Any CPU = Release|Any CPU
	EndGlobalSection
	GlobalSection(ProjectConfigurationPlatforms) = postSolution
		{128A6326-5904-48DC-ABAF-A113255AD3F5}.Debug|Any CPU.ActiveCfg = Debug|Any CPU
		{128A6326-5904-48DC-ABAF-A113255AD3F5}.Debug|Any CPU.Build.0 = Debug|Any CPU
		{128A6326-5904-48DC-ABAF-A113255AD3F5}.Release|Any CPU.ActiveCfg = Release|Any CPU
		{128A6326-5904-48DC-ABAF-A113255AD3F5}.Release|Any CPU.Build.0 = Release|Any CPU
	EndGlobalSection
	GlobalSection(SolutionProperties) = preSolution
		HideSolutionNode = FALSE
	EndGlobalSection
	GlobalSection(ExtensibilityGlobals) = postSolution
		SolutionGuid = {8235ACC3-0085-42EB-ACBC-A95AB7D34CBF}
	EndGlobalSection
EndGlobal
